
Microsoft Visual Studio Solution File, Format Version 12.00
# Visual Studio Version 16
VisualStudioVersion = 16.0.29418.71
MinimumVisualStudioVersion = 10.0.40219.1
Project("{9A19103F-16F7-4668-BE54-9A1E7A4F7556}") = "SimulatedDevice", "SimulatedDevice\SimulatedDevice.csproj", "{849995B4-35CD-4423-9E6F-4905D11C3BA5}"
EndProject
Project("{9A19103F-16F7-4668-BE54-9A1E7A4F7556}") = "EchoBackend", "EchoBackend\EchoBackend.csproj", "{0AD3BE28-EC43-40ED-A8E0-38B7CB824BCA}"
EndProject
Project("{9A19103F-16F7-4668-BE54-9A1E7A4F7556}") = "AutoProvisionedDevice", "AutoProvisionedDevice\AutoProvisionedDevice.csproj", "{5D0A86C2-AABF-48AC-9E1D-220097C6DDF2}"
EndProject
Project("{FAE04EC0-301F-11D3-BF4B-00C04F79EFBC}") = "IoTHubAssignment", "IoTHubAssignment\IoTHubAssignment.csproj", "{71C5F531-6F68-4D58-803A-AFF6B790B20F}"
EndProject
Global
	GlobalSection(SolutionConfigurationPlatforms) = preSolution
		Debug|Any CPU = Debug|Any CPU
		Release|Any CPU = Release|Any CPU
	EndGlobalSection
	GlobalSection(ProjectConfigurationPlatforms) = postSolution
		{849995B4-35CD-4423-9E6F-4905D11C3BA5}.Debug|Any CPU.ActiveCfg = Debug|Any CPU
		{849995B4-35CD-4423-9E6F-4905D11C3BA5}.Debug|Any CPU.Build.0 = Debug|Any CPU
		{849995B4-35CD-4423-9E6F-4905D11C3BA5}.Release|Any CPU.ActiveCfg = Release|Any CPU
		{849995B4-35CD-4423-9E6F-4905D11C3BA5}.Release|Any CPU.Build.0 = Release|Any CPU
		{0AD3BE28-EC43-40ED-A8E0-38B7CB824BCA}.Debug|Any CPU.ActiveCfg = Debug|Any CPU
		{0AD3BE28-EC43-40ED-A8E0-38B7CB824BCA}.Debug|Any CPU.Build.0 = Debug|Any CPU
		{0AD3BE28-EC43-40ED-A8E0-38B7CB824BCA}.Release|Any CPU.ActiveCfg = Release|Any CPU
		{0AD3BE28-EC43-40ED-A8E0-38B7CB824BCA}.Release|Any CPU.Build.0 = Release|Any CPU
		{5D0A86C2-AABF-48AC-9E1D-220097C6DDF2}.Debug|Any CPU.ActiveCfg = Debug|Any CPU
		{5D0A86C2-AABF-48AC-9E1D-220097C6DDF2}.Debug|Any CPU.Build.0 = Debug|Any CPU
		{5D0A86C2-AABF-48AC-9E1D-220097C6DDF2}.Release|Any CPU.ActiveCfg = Release|Any CPU
		{5D0A86C2-AABF-48AC-9E1D-220097C6DDF2}.Release|Any CPU.Build.0 = Release|Any CPU
		{71C5F531-6F68-4D58-803A-AFF6B790B20F}.Debug|Any CPU.ActiveCfg = Debug|Any CPU
		{71C5F531-6F68-4D58-803A-AFF6B790B20F}.Debug|Any CPU.Build.0 = Debug|Any CPU
		{71C5F531-6F68-4D58-803A-AFF6B790B20F}.Release|Any CPU.ActiveCfg = Release|Any CPU
		{71C5F531-6F68-4D58-803A-AFF6B790B20F}.Release|Any CPU.Build.0 = Release|Any CPU
	EndGlobalSection
	GlobalSection(SolutionProperties) = preSolution
		HideSolutionNode = FALSE
	EndGlobalSection
	GlobalSection(ExtensibilityGlobals) = postSolution
		SolutionGuid = {0E5E6965-5C3C-406B-9583-E17AD0CAC9E8}
	EndGlobalSection
EndGlobal
